// !$*UTF8*$!
{
	archiveVersion = 1;
	classes = {
	};
	objectVersion = 56;
	objects = {

/* Begin PBXBuildFile section */
		D4DFCE512C358C83001ADF42 /* SEATCodeTestApp.swift in Sources */ = {isa = PBXBuildFile; fileRef = D4DFCE502C358C83001ADF42 /* SEATCodeTestApp.swift */; };
		D4DFCE532C358C83001ADF42 /* ContentView.swift in Sources */ = {isa = PBXBuildFile; fileRef = D4DFCE522C358C83001ADF42 /* ContentView.swift */; };
		D4DFCE552C358C84001ADF42 /* Assets.xcassets in Resources */ = {isa = PBXBuildFile; fileRef = D4DFCE542C358C84001ADF42 /* Assets.xcassets */; };
		D4DFCE582C358C84001ADF42 /* Preview Assets.xcassets in Resources */ = {isa = PBXBuildFile; fileRef = D4DFCE572C358C84001ADF42 /* Preview Assets.xcassets */; };
		D4DFCE622C358C84001ADF42 /* SEATCodeTestTests.swift in Sources */ = {isa = PBXBuildFile; fileRef = D4DFCE612C358C84001ADF42 /* SEATCodeTestTests.swift */; };
		D4DFCE6C2C358C84001ADF42 /* SEATCodeTestUITests.swift in Sources */ = {isa = PBXBuildFile; fileRef = D4DFCE6B2C358C84001ADF42 /* SEATCodeTestUITests.swift */; };
		D4DFCE6E2C358C84001ADF42 /* SEATCodeTestUITestsLaunchTests.swift in Sources */ = {isa = PBXBuildFile; fileRef = D4DFCE6D2C358C84001ADF42 /* SEATCodeTestUITestsLaunchTests.swift */; };
/* End PBXBuildFile section */

/* Begin PBXContainerItemProxy section */
		D4DFCE5E2C358C84001ADF42 /* PBXContainerItemProxy */ = {
			isa = PBXContainerItemProxy;
			containerPortal = D4DFCE452C358C83001ADF42 /* Project object */;
			proxyType = 1;
			remoteGlobalIDString = D4DFCE4C2C358C83001ADF42;
			remoteInfo = SEATCodeTest;
		};
		D4DFCE682C358C84001ADF42 /* PBXContainerItemProxy */ = {
			isa = PBXContainerItemProxy;
			containerPortal = D4DFCE452C358C83001ADF42 /* Project object */;
			proxyType = 1;
			remoteGlobalIDString = D4DFCE4C2C358C83001ADF42;
			remoteInfo = SEATCodeTest;
		};
/* End PBXContainerItemProxy section */

/* Begin PBXFileReference section */
		D4DFCE4D2C358C83001ADF42 /* SEATCodeTest.app */ = {isa = PBXFileReference; explicitFileType = wrapper.application; includeInIndex = 0; path = SEATCodeTest.app; sourceTree = BUILT_PRODUCTS_DIR; };
		D4DFCE502C358C83001ADF42 /* SEATCodeTestApp.swift */ = {isa = PBXFileReference; lastKnownFileType = sourcecode.swift; path = SEATCodeTestApp.swift; sourceTree = "<group>"; };
		D4DFCE522C358C83001ADF42 /* ContentView.swift */ = {isa = PBXFileReference; lastKnownFileType = sourcecode.swift; path = ContentView.swift; sourceTree = "<group>"; };
		D4DFCE542C358C84001ADF42 /* Assets.xcassets */ = {isa = PBXFileReference; lastKnownFileType = folder.assetcatalog; path = Assets.xcassets; sourceTree = "<group>"; };
		D4DFCE572C358C84001ADF42 /* Preview Assets.xcassets */ = {isa = PBXFileReference; lastKnownFileType = folder.assetcatalog; path = "Preview Assets.xcassets"; sourceTree = "<group>"; };
		D4DFCE5D2C358C84001ADF42 /* SEATCodeTestTests.xctest */ = {isa = PBXFileReference; explicitFileType = wrapper.cfbundle; includeInIndex = 0; path = SEATCodeTestTests.xctest; sourceTree = BUILT_PRODUCTS_DIR; };
		D4DFCE612C358C84001ADF42 /* SEATCodeTestTests.swift */ = {isa = PBXFileReference; lastKnownFileType = sourcecode.swift; path = SEATCodeTestTests.swift; sourceTree = "<group>"; };
		D4DFCE672C358C84001ADF42 /* SEATCodeTestUITests.xctest */ = {isa = PBXFileReference; explicitFileType = wrapper.cfbundle; includeInIndex = 0; path = SEATCodeTestUITests.xctest; sourceTree = BUILT_PRODUCTS_DIR; };
		D4DFCE6B2C358C84001ADF42 /* SEATCodeTestUITests.swift */ = {isa = PBXFileReference; lastKnownFileType = sourcecode.swift; path = SEATCodeTestUITests.swift; sourceTree = "<group>"; };
		D4DFCE6D2C358C84001ADF42 /* SEATCodeTestUITestsLaunchTests.swift */ = {isa = PBXFileReference; lastKnownFileType = sourcecode.swift; path = SEATCodeTestUITestsLaunchTests.swift; sourceTree = "<group>"; };
/* End PBXFileReference section */

/* Begin PBXFrameworksBuildPhase section */
		D4DFCE4A2C358C83001ADF42 /* Frameworks */ = {
			isa = PBXFrameworksBuildPhase;
			buildActionMask = 2147483647;
			files = (
			);
			runOnlyForDeploymentPostprocessing = 0;
		};
		D4DFCE5A2C358C84001ADF42 /* Frameworks */ = {
			isa = PBXFrameworksBuildPhase;
			buildActionMask = 2147483647;
			files = (
			);
			runOnlyForDeploymentPostprocessing = 0;
		};
		D4DFCE642C358C84001ADF42 /* Frameworks */ = {
			isa = PBXFrameworksBuildPhase;
			buildActionMask = 2147483647;
			files = (
			);
			runOnlyForDeploymentPostprocessing = 0;
		};
/* End PBXFrameworksBuildPhase section */

/* Begin PBXGroup section */
		D4DFCE442C358C83001ADF42 = {
			isa = PBXGroup;
			children = (
				D4DFCE4F2C358C83001ADF42 /* SEATCodeTest */,
				D4DFCE602C358C84001ADF42 /* SEATCodeTestTests */,
				D4DFCE6A2C358C84001ADF42 /* SEATCodeTestUITests */,
				D4DFCE4E2C358C83001ADF42 /* Products */,
			);
			sourceTree = "<group>";
		};
		D4DFCE4E2C358C83001ADF42 /* Products */ = {
			isa = PBXGroup;
			children = (
				D4DFCE4D2C358C83001ADF42 /* SEATCodeTest.app */,
				D4DFCE5D2C358C84001ADF42 /* SEATCodeTestTests.xctest */,
				D4DFCE672C358C84001ADF42 /* SEATCodeTestUITests.xctest */,
			);
			name = Products;
			sourceTree = "<group>";
		};
		D4DFCE4F2C358C83001ADF42 /* SEATCodeTest */ = {
			isa = PBXGroup;
			children = (
				D4DFCE502C358C83001ADF42 /* SEATCodeTestApp.swift */,
				D4DFCE522C358C83001ADF42 /* ContentView.swift */,
				D4DFCE542C358C84001ADF42 /* Assets.xcassets */,
				D4DFCE562C358C84001ADF42 /* Preview Content */,
			);
			path = SEATCodeTest;
			sourceTree = "<group>";
		};
		D4DFCE562C358C84001ADF42 /* Preview Content */ = {
			isa = PBXGroup;
			children = (
				D4DFCE572C358C84001ADF42 /* Preview Assets.xcassets */,
			);
			path = "Preview Content";
			sourceTree = "<group>";
		};
		D4DFCE602C358C84001ADF42 /* SEATCodeTestTests */ = {
			isa = PBXGroup;
			children = (
				D4DFCE612C358C84001ADF42 /* SEATCodeTestTests.swift */,
			);
			path = SEATCodeTestTests;
			sourceTree = "<group>";
		};
		D4DFCE6A2C358C84001ADF42 /* SEATCodeTestUITests */ = {
			isa = PBXGroup;
			children = (
				D4DFCE6B2C358C84001ADF42 /* SEATCodeTestUITests.swift */,
				D4DFCE6D2C358C84001ADF42 /* SEATCodeTestUITestsLaunchTests.swift */,
			);
			path = SEATCodeTestUITests;
			sourceTree = "<group>";
		};
/* End PBXGroup section */

/* Begin PBXNativeTarget section */
		D4DFCE4C2C358C83001ADF42 /* SEATCodeTest */ = {
			isa = PBXNativeTarget;
			buildConfigurationList = D4DFCE712C358C84001ADF42 /* Build configuration list for PBXNativeTarget "SEATCodeTest" */;
			buildPhases = (
				D4DFCE492C358C83001ADF42 /* Sources */,
				D4DFCE4A2C358C83001ADF42 /* Frameworks */,
				D4DFCE4B2C358C83001ADF42 /* Resources */,
			);
			buildRules = (
			);
			dependencies = (
			);
			name = SEATCodeTest;
			productName = SEATCodeTest;
			productReference = D4DFCE4D2C358C83001ADF42 /* SEATCodeTest.app */;
			productType = "com.apple.product-type.application";
		};
		D4DFCE5C2C358C84001ADF42 /* SEATCodeTestTests */ = {
			isa = PBXNativeTarget;
			buildConfigurationList = D4DFCE742C358C84001ADF42 /* Build configuration list for PBXNativeTarget "SEATCodeTestTests" */;
			buildPhases = (
				D4DFCE592C358C84001ADF42 /* Sources */,
				D4DFCE5A2C358C84001ADF42 /* Frameworks */,
				D4DFCE5B2C358C84001ADF42 /* Resources */,
			);
			buildRules = (
			);
			dependencies = (
				D4DFCE5F2C358C84001ADF42 /* PBXTargetDependency */,
			);
			name = SEATCodeTestTests;
			productName = SEATCodeTestTests;
			productReference = D4DFCE5D2C358C84001ADF42 /* SEATCodeTestTests.xctest */;
			productType = "com.apple.product-type.bundle.unit-test";
		};
		D4DFCE662C358C84001ADF42 /* SEATCodeTestUITests */ = {
			isa = PBXNativeTarget;
			buildConfigurationList = D4DFCE772C358C84001ADF42 /* Build configuration list for PBXNativeTarget "SEATCodeTestUITests" */;
			buildPhases = (
				D4DFCE632C358C84001ADF42 /* Sources */,
				D4DFCE642C358C84001ADF42 /* Frameworks */,
				D4DFCE652C358C84001ADF42 /* Resources */,
			);
			buildRules = (
			);
			dependencies = (
				D4DFCE692C358C84001ADF42 /* PBXTargetDependency */,
			);
			name = SEATCodeTestUITests;
			productName = SEATCodeTestUITests;
			productReference = D4DFCE672C358C84001ADF42 /* SEATCodeTestUITests.xctest */;
			productType = "com.apple.product-type.bundle.ui-testing";
		};
/* End PBXNativeTarget section */

/* Begin PBXProject section */
		D4DFCE452C358C83001ADF42 /* Project object */ = {
			isa = PBXProject;
			attributes = {
				BuildIndependentTargetsInParallel = 1;
				LastSwiftUpdateCheck = 1520;
				LastUpgradeCheck = 1520;
				TargetAttributes = {
					D4DFCE4C2C358C83001ADF42 = {
						CreatedOnToolsVersion = 15.2;
					};
					D4DFCE5C2C358C84001ADF42 = {
						CreatedOnToolsVersion = 15.2;
						TestTargetID = D4DFCE4C2C358C83001ADF42;
					};
					D4DFCE662C358C84001ADF42 = {
						CreatedOnToolsVersion = 15.2;
						TestTargetID = D4DFCE4C2C358C83001ADF42;
					};
				};
			};
			buildConfigurationList = D4DFCE482C358C83001ADF42 /* Build configuration list for PBXProject "SEATCodeTest" */;
			compatibilityVersion = "Xcode 14.0";
			developmentRegion = en;
			hasScannedForEncodings = 0;
			knownRegions = (
				en,
				Base,
			);
			mainGroup = D4DFCE442C358C83001ADF42;
			productRefGroup = D4DFCE4E2C358C83001ADF42 /* Products */;
			projectDirPath = "";
			projectRoot = "";
			targets = (
				D4DFCE4C2C358C83001ADF42 /* SEATCodeTest */,
				D4DFCE5C2C358C84001ADF42 /* SEATCodeTestTests */,
				D4DFCE662C358C84001ADF42 /* SEATCodeTestUITests */,
			);
		};
/* End PBXProject section */

/* Begin PBXResourcesBuildPhase section */
		D4DFCE4B2C358C83001ADF42 /* Resources */ = {
			isa = PBXResourcesBuildPhase;
			buildActionMask = 2147483647;
			files = (
				D4DFCE582C358C84001ADF42 /* Preview Assets.xcassets in Resources */,
				D4DFCE552C358C84001ADF42 /* Assets.xcassets in Resources */,
			);
			runOnlyForDeploymentPostprocessing = 0;
		};
		D4DFCE5B2C358C84001ADF42 /* Resources */ = {
			isa = PBXResourcesBuildPhase;
			buildActionMask = 2147483647;
			files = (
			);
			runOnlyForDeploymentPostprocessing = 0;
		};
		D4DFCE652C358C84001ADF42 /* Resources */ = {
			isa = PBXResourcesBuildPhase;
			buildActionMask = 2147483647;
			files = (
			);
			runOnlyForDeploymentPostprocessing = 0;
		};
/* End PBXResourcesBuildPhase section */

/* Begin PBXSourcesBuildPhase section */
		D4DFCE492C358C83001ADF42 /* Sources */ = {
			isa = PBXSourcesBuildPhase;
			buildActionMask = 2147483647;
			files = (
				D4DFCE532C358C83001ADF42 /* ContentView.swift in Sources */,
				D4DFCE512C358C83001ADF42 /* SEATCodeTestApp.swift in Sources */,
			);
			runOnlyForDeploymentPostprocessing = 0;
		};
		D4DFCE592C358C84001ADF42 /* Sources */ = {
			isa = PBXSourcesBuildPhase;
			buildActionMask = 2147483647;
			files = (
				D4DFCE622C358C84001ADF42 /* SEATCodeTestTests.swift in Sources */,
			);
			runOnlyForDeploymentPostprocessing = 0;
		};
		D4DFCE632C358C84001ADF42 /* Sources */ = {
			isa = PBXSourcesBuildPhase;
			buildActionMask = 2147483647;
			files = (
				D4DFCE6E2C358C84001ADF42 /* SEATCodeTestUITestsLaunchTests.swift in Sources */,
				D4DFCE6C2C358C84001ADF42 /* SEATCodeTestUITests.swift in Sources */,
			);
			runOnlyForDeploymentPostprocessing = 0;
		};
/* End PBXSourcesBuildPhase section */

/* Begin PBXTargetDependency section */
		D4DFCE5F2C358C84001ADF42 /* PBXTargetDependency */ = {
			isa = PBXTargetDependency;
			target = D4DFCE4C2C358C83001ADF42 /* SEATCodeTest */;
			targetProxy = D4DFCE5E2C358C84001ADF42 /* PBXContainerItemProxy */;
		};
		D4DFCE692C358C84001ADF42 /* PBXTargetDependency */ = {
			isa = PBXTargetDependency;
			target = D4DFCE4C2C358C83001ADF42 /* SEATCodeTest */;
			targetProxy = D4DFCE682C358C84001ADF42 /* PBXContainerItemProxy */;
		};
/* End PBXTargetDependency section */

/* Begin XCBuildConfiguration section */
		D4DFCE6F2C358C84001ADF42 /* Debug */ = {
			isa = XCBuildConfiguration;
			buildSettings = {
				ALWAYS_SEARCH_USER_PATHS = NO;
				ASSETCATALOG_COMPILER_GENERATE_SWIFT_ASSET_SYMBOL_EXTENSIONS = YES;
				CLANG_ANALYZER_NONNULL = YES;
				CLANG_ANALYZER_NUMBER_OBJECT_CONVERSION = YES_AGGRESSIVE;
				CLANG_CXX_LANGUAGE_STANDARD = "gnu++20";
				CLANG_ENABLE_MODULES = YES;
				CLANG_ENABLE_OBJC_ARC = YES;
				CLANG_ENABLE_OBJC_WEAK = YES;
				CLANG_WARN_BLOCK_CAPTURE_AUTORELEASING = YES;
				CLANG_WARN_BOOL_CONVERSION = YES;
				CLANG_WARN_COMMA = YES;
				CLANG_WARN_CONSTANT_CONVERSION = YES;
				CLANG_WARN_DEPRECATED_OBJC_IMPLEMENTATIONS = YES;
				CLANG_WARN_DIRECT_OBJC_ISA_USAGE = YES_ERROR;
				CLANG_WARN_DOCUMENTATION_COMMENTS = YES;
				CLANG_WARN_EMPTY_BODY = YES;
				CLANG_WARN_ENUM_CONVERSION = YES;
				CLANG_WARN_INFINITE_RECURSION = YES;
				CLANG_WARN_INT_CONVERSION = YES;
				CLANG_WARN_NON_LITERAL_NULL_CONVERSION = YES;
				CLANG_WARN_OBJC_IMPLICIT_RETAIN_SELF = YES;
				CLANG_WARN_OBJC_LITERAL_CONVERSION = YES;
				CLANG_WARN_OBJC_ROOT_CLASS = YES_ERROR;
				CLANG_WARN_QUOTED_INCLUDE_IN_FRAMEWORK_HEADER = YES;
				CLANG_WARN_RANGE_LOOP_ANALYSIS = YES;
				CLANG_WARN_STRICT_PROTOTYPES = YES;
				CLANG_WARN_SUSPICIOUS_MOVE = YES;
				CLANG_WARN_UNGUARDED_AVAILABILITY = YES_AGGRESSIVE;
				CLANG_WARN_UNREACHABLE_CODE = YES;
				CLANG_WARN__DUPLICATE_METHOD_MATCH = YES;
				COPY_PHASE_STRIP = NO;
				DEBUG_INFORMATION_FORMAT = dwarf;
				ENABLE_STRICT_OBJC_MSGSEND = YES;
				ENABLE_TESTABILITY = YES;
				ENABLE_USER_SCRIPT_SANDBOXING = YES;
				GCC_C_LANGUAGE_STANDARD = gnu17;
				GCC_DYNAMIC_NO_PIC = NO;
				GCC_NO_COMMON_BLOCKS = YES;
				GCC_OPTIMIZATION_LEVEL = 0;
				GCC_PREPROCESSOR_DEFINITIONS = (
					"DEBUG=1",
					"$(inherited)",
				);
				GCC_WARN_64_TO_32_BIT_CONVERSION = YES;
				GCC_WARN_ABOUT_RETURN_TYPE = YES_ERROR;
				GCC_WARN_UNDECLARED_SELECTOR = YES;
				GCC_WARN_UNINITIALIZED_AUTOS = YES_AGGRESSIVE;
				GCC_WARN_UNUSED_FUNCTION = YES;
				GCC_WARN_UNUSED_VARIABLE = YES;
				IPHONEOS_DEPLOYMENT_TARGET = 17.2;
				LOCALIZATION_PREFERS_STRING_CATALOGS = YES;
				MTL_ENABLE_DEBUG_INFO = INCLUDE_SOURCE;
				MTL_FAST_MATH = YES;
				ONLY_ACTIVE_ARCH = YES;
				SDKROOT = iphoneos;
				SWIFT_ACTIVE_COMPILATION_CONDITIONS = "DEBUG $(inherited)";
				SWIFT_OPTIMIZATION_LEVEL = "-Onone";
			};
			name = Debug;
		};
		D4DFCE702C358C84001ADF42 /* Release */ = {
			isa = XCBuildConfiguration;
			buildSettings = {
				ALWAYS_SEARCH_USER_PATHS = NO;
				ASSETCATALOG_COMPILER_GENERATE_SWIFT_ASSET_SYMBOL_EXTENSIONS = YES;
				CLANG_ANALYZER_NONNULL = YES;
				CLANG_ANALYZER_NUMBER_OBJECT_CONVERSION = YES_AGGRESSIVE;
				CLANG_CXX_LANGUAGE_STANDARD = "gnu++20";
				CLANG_ENABLE_MODULES = YES;
				CLANG_ENABLE_OBJC_ARC = YES;
				CLANG_ENABLE_OBJC_WEAK = YES;
				CLANG_WARN_BLOCK_CAPTURE_AUTORELEASING = YES;
				CLANG_WARN_BOOL_CONVERSION = YES;
				CLANG_WARN_COMMA = YES;
				CLANG_WARN_CONSTANT_CONVERSION = YES;
				CLANG_WARN_DEPRECATED_OBJC_IMPLEMENTATIONS = YES;
				CLANG_WARN_DIRECT_OBJC_ISA_USAGE = YES_ERROR;
				CLANG_WARN_DOCUMENTATION_COMMENTS = YES;
				CLANG_WARN_EMPTY_BODY = YES;
				CLANG_WARN_ENUM_CONVERSION = YES;
				CLANG_WARN_INFINITE_RECURSION = YES;
				CLANG_WARN_INT_CONVERSION = YES;
				CLANG_WARN_NON_LITERAL_NULL_CONVERSION = YES;
				CLANG_WARN_OBJC_IMPLICIT_RETAIN_SELF = YES;
				CLANG_WARN_OBJC_LITERAL_CONVERSION = YES;
				CLANG_WARN_OBJC_ROOT_CLASS = YES_ERROR;
				CLANG_WARN_QUOTED_INCLUDE_IN_FRAMEWORK_HEADER = YES;
				CLANG_WARN_RANGE_LOOP_ANALYSIS = YES;
				CLANG_WARN_STRICT_PROTOTYPES = YES;
				CLANG_WARN_SUSPICIOUS_MOVE = YES;
				CLANG_WARN_UNGUARDED_AVAILABILITY = YES_AGGRESSIVE;
				CLANG_WARN_UNREACHABLE_CODE = YES;
				CLANG_WARN__DUPLICATE_METHOD_MATCH = YES;
				COPY_PHASE_STRIP = NO;
				DEBUG_INFORMATION_FORMAT = "dwarf-with-dsym";
				ENABLE_NS_ASSERTIONS = NO;
				ENABLE_STRICT_OBJC_MSGSEND = YES;
				ENABLE_USER_SCRIPT_SANDBOXING = YES;
				GCC_C_LANGUAGE_STANDARD = gnu17;
				GCC_NO_COMMON_BLOCKS = YES;
				GCC_WARN_64_TO_32_BIT_CONVERSION = YES;
				GCC_WARN_ABOUT_RETURN_TYPE = YES_ERROR;
				GCC_WARN_UNDECLARED_SELECTOR = YES;
				GCC_WARN_UNINITIALIZED_AUTOS = YES_AGGRESSIVE;
				GCC_WARN_UNUSED_FUNCTION = YES;
				GCC_WARN_UNUSED_VARIABLE = YES;
				IPHONEOS_DEPLOYMENT_TARGET = 17.2;
				LOCALIZATION_PREFERS_STRING_CATALOGS = YES;
				MTL_ENABLE_DEBUG_INFO = NO;
				MTL_FAST_MATH = YES;
				SDKROOT = iphoneos;
				SWIFT_COMPILATION_MODE = wholemodule;
				VALIDATE_PRODUCT = YES;
			};
			name = Release;
		};
		D4DFCE722C358C84001ADF42 /* Debug */ = {
			isa = XCBuildConfiguration;
			buildSettings = {
				ASSETCATALOG_COMPILER_APPICON_NAME = AppIcon;
				ASSETCATALOG_COMPILER_GLOBAL_ACCENT_COLOR_NAME = AccentColor;
				CODE_SIGN_STYLE = Automatic;
				CURRENT_PROJECT_VERSION = 1;
				DEVELOPMENT_ASSET_PATHS = "\"SEATCodeTest/Preview Content\"";
				ENABLE_PREVIEWS = YES;
				GENERATE_INFOPLIST_FILE = YES;
				INFOPLIST_KEY_UIApplicationSceneManifest_Generation = YES;
				INFOPLIST_KEY_UIApplicationSupportsIndirectInputEvents = YES;
				INFOPLIST_KEY_UILaunchScreen_Generation = YES;
				INFOPLIST_KEY_UISupportedInterfaceOrientations_iPad = "UIInterfaceOrientationPortrait UIInterfaceOrientationPortraitUpsideDown UIInterfaceOrientationLandscapeLeft UIInterfaceOrientationLandscapeRight";
				INFOPLIST_KEY_UISupportedInterfaceOrientations_iPhone = "UIInterfaceOrientationPortrait UIInterfaceOrientationLandscapeLeft UIInterfaceOrientationLandscapeRight";
				LD_RUNPATH_SEARCH_PATHS = (
					"$(inherited)",
					"@executable_path/Frameworks",
				);
				MARKETING_VERSION = 1.0;
				PRODUCT_BUNDLE_IDENTIFIER = com.filipetamota.SEATCodeTest;
				PRODUCT_NAME = "$(TARGET_NAME)";
				SWIFT_EMIT_LOC_STRINGS = YES;
				SWIFT_VERSION = 5.0;
				TARGETED_DEVICE_FAMILY = "1,2";
			};
			name = Debug;
		};
		D4DFCE732C358C84001ADF42 /* Release */ = {
			isa = XCBuildConfiguration;
			buildSettings = {
				ASSETCATALOG_COMPILER_APPICON_NAME = AppIcon;
				ASSETCATALOG_COMPILER_GLOBAL_ACCENT_COLOR_NAME = AccentColor;
				CODE_SIGN_STYLE = Automatic;
				CURRENT_PROJECT_VERSION = 1;
				DEVELOPMENT_ASSET_PATHS = "\"SEATCodeTest/Preview Content\"";
				ENABLE_PREVIEWS = YES;
				GENERATE_INFOPLIST_FILE = YES;
				INFOPLIST_KEY_UIApplicationSceneManifest_Generation = YES;
				INFOPLIST_KEY_UIApplicationSupportsIndirectInputEvents = YES;
				INFOPLIST_KEY_UILaunchScreen_Generation = YES;
				INFOPLIST_KEY_UISupportedInterfaceOrientations_iPad = "UIInterfaceOrientationPortrait UIInterfaceOrientationPortraitUpsideDown UIInterfaceOrientationLandscapeLeft UIInterfaceOrientationLandscapeRight";
				INFOPLIST_KEY_UISupportedInterfaceOrientations_iPhone = "UIInterfaceOrientationPortrait UIInterfaceOrientationLandscapeLeft UIInterfaceOrientationLandscapeRight";
				LD_RUNPATH_SEARCH_PATHS = (
					"$(inherited)",
					"@executable_path/Frameworks",
				);
				MARKETING_VERSION = 1.0;
				PRODUCT_BUNDLE_IDENTIFIER = com.filipetamota.SEATCodeTest;
				PRODUCT_NAME = "$(TARGET_NAME)";
				SWIFT_EMIT_LOC_STRINGS = YES;
				SWIFT_VERSION = 5.0;
				TARGETED_DEVICE_FAMILY = "1,2";
			};
			name = Release;
		};
		D4DFCE752C358C84001ADF42 /* Debug */ = {
			isa = XCBuildConfiguration;
			buildSettings = {
				ALWAYS_EMBED_SWIFT_STANDARD_LIBRARIES = YES;
				BUNDLE_LOADER = "$(TEST_HOST)";
				CODE_SIGN_STYLE = Automatic;
				CURRENT_PROJECT_VERSION = 1;
				GENERATE_INFOPLIST_FILE = YES;
				IPHONEOS_DEPLOYMENT_TARGET = 17.2;
				MARKETING_VERSION = 1.0;
				PRODUCT_BUNDLE_IDENTIFIER = com.filipetamota.SEATCodeTestTests;
				PRODUCT_NAME = "$(TARGET_NAME)";
				SWIFT_EMIT_LOC_STRINGS = NO;
				SWIFT_VERSION = 5.0;
				TARGETED_DEVICE_FAMILY = "1,2";
				TEST_HOST = "$(BUILT_PRODUCTS_DIR)/SEATCodeTest.app/$(BUNDLE_EXECUTABLE_FOLDER_PATH)/SEATCodeTest";
			};
			name = Debug;
		};
		D4DFCE762C358C84001ADF42 /* Release */ = {
			isa = XCBuildConfiguration;
			buildSettings = {
				ALWAYS_EMBED_SWIFT_STANDARD_LIBRARIES = YES;
				BUNDLE_LOADER = "$(TEST_HOST)";
				CODE_SIGN_STYLE = Automatic;
				CURRENT_PROJECT_VERSION = 1;
				GENERATE_INFOPLIST_FILE = YES;
				IPHONEOS_DEPLOYMENT_TARGET = 17.2;
				MARKETING_VERSION = 1.0;
				PRODUCT_BUNDLE_IDENTIFIER = com.filipetamota.SEATCodeTestTests;
				PRODUCT_NAME = "$(TARGET_NAME)";
				SWIFT_EMIT_LOC_STRINGS = NO;
				SWIFT_VERSION = 5.0;
				TARGETED_DEVICE_FAMILY = "1,2";
				TEST_HOST = "$(BUILT_PRODUCTS_DIR)/SEATCodeTest.app/$(BUNDLE_EXECUTABLE_FOLDER_PATH)/SEATCodeTest";
			};
			name = Release;
		};
		D4DFCE782C358C84001ADF42 /* Debug */ = {
			isa = XCBuildConfiguration;
			buildSettings = {
				ALWAYS_EMBED_SWIFT_STANDARD_LIBRARIES = YES;
				CODE_SIGN_STYLE = Automatic;
				CURRENT_PROJECT_VERSION = 1;
				GENERATE_INFOPLIST_FILE = YES;
				MARKETING_VERSION = 1.0;
				PRODUCT_BUNDLE_IDENTIFIER = com.filipetamota.SEATCodeTestUITests;
				PRODUCT_NAME = "$(TARGET_NAME)";
				SWIFT_EMIT_LOC_STRINGS = NO;
				SWIFT_VERSION = 5.0;
				TARGETED_DEVICE_FAMILY = "1,2";
				TEST_TARGET_NAME = SEATCodeTest;
			};
			name = Debug;
		};
		D4DFCE792C358C84001ADF42 /* Release */ = {
			isa = XCBuildConfiguration;
			buildSettings = {
				ALWAYS_EMBED_SWIFT_STANDARD_LIBRARIES = YES;
				CODE_SIGN_STYLE = Automatic;
				CURRENT_PROJECT_VERSION = 1;
				GENERATE_INFOPLIST_FILE = YES;
				MARKETING_VERSION = 1.0;
				PRODUCT_BUNDLE_IDENTIFIER = com.filipetamota.SEATCodeTestUITests;
				PRODUCT_NAME = "$(TARGET_NAME)";
				SWIFT_EMIT_LOC_STRINGS = NO;
				SWIFT_VERSION = 5.0;
				TARGETED_DEVICE_FAMILY = "1,2";
				TEST_TARGET_NAME = SEATCodeTest;
			};
			name = Release;
		};
/* End XCBuildConfiguration section */

/* Begin XCConfigurationList section */
		D4DFCE482C358C83001ADF42 /* Build configuration list for PBXProject "SEATCodeTest" */ = {
			isa = XCConfigurationList;
			buildConfigurations = (
				D4DFCE6F2C358C84001ADF42 /* Debug */,
				D4DFCE702C358C84001ADF42 /* Release */,
			);
			defaultConfigurationIsVisible = 0;
			defaultConfigurationName = Release;
		};
		D4DFCE712C358C84001ADF42 /* Build configuration list for PBXNativeTarget "SEATCodeTest" */ = {
			isa = XCConfigurationList;
			buildConfigurations = (
				D4DFCE722C358C84001ADF42 /* Debug */,
				D4DFCE732C358C84001ADF42 /* Release */,
			);
			defaultConfigurationIsVisible = 0;
			defaultConfigurationName = Release;
		};
		D4DFCE742C358C84001ADF42 /* Build configuration list for PBXNativeTarget "SEATCodeTestTests" */ = {
			isa = XCConfigurationList;
			buildConfigurations = (
				D4DFCE752C358C84001ADF42 /* Debug */,
				D4DFCE762C358C84001ADF42 /* Release */,
			);
			defaultConfigurationIsVisible = 0;
			defaultConfigurationName = Release;
		};
		D4DFCE772C358C84001ADF42 /* Build configuration list for PBXNativeTarget "SEATCodeTestUITests" */ = {
			isa = XCConfigurationList;
			buildConfigurations = (
				D4DFCE782C358C84001ADF42 /* Debug */,
				D4DFCE792C358C84001ADF42 /* Release */,
			);
			defaultConfigurationIsVisible = 0;
			defaultConfigurationName = Release;
		};
/* End XCConfigurationList section */
	};
	rootObject = D4DFCE452C358C83001ADF42 /* Project object */;
}
