// !$*UTF8*$!
{
	archiveVersion = 1;
	classes = {
	};
	objectVersion = 56;
	objects = {

/* Begin PBXBuildFile section */
		D41FAE852C3AB6EE005B276E /* BadgeNumberProvidable.swift in Sources */ = {isa = PBXBuildFile; fileRef = D4DFCEA12C3824F4001ADF42 /* BadgeNumberProvidable.swift */; };
		D4DFCE512C358C83001ADF42 /* SEATCodeTestApp.swift in Sources */ = {isa = PBXBuildFile; fileRef = D4DFCE502C358C83001ADF42 /* SEATCodeTestApp.swift */; };
		D4DFCE532C358C83001ADF42 /* ContentView.swift in Sources */ = {isa = PBXBuildFile; fileRef = D4DFCE522C358C83001ADF42 /* ContentView.swift */; };
		D4DFCE552C358C84001ADF42 /* Assets.xcassets in Resources */ = {isa = PBXBuildFile; fileRef = D4DFCE542C358C84001ADF42 /* Assets.xcassets */; };
		D4DFCE582C358C84001ADF42 /* Preview Assets.xcassets in Resources */ = {isa = PBXBuildFile; fileRef = D4DFCE572C358C84001ADF42 /* Preview Assets.xcassets */; };
		D4DFCE6C2C358C84001ADF42 /* ContentViewUITests.swift in Sources */ = {isa = PBXBuildFile; fileRef = D4DFCE6B2C358C84001ADF42 /* ContentViewUITests.swift */; };
		D4DFCE7C2C358D58001ADF42 /* APIClient.swift in Sources */ = {isa = PBXBuildFile; fileRef = D4DFCE7B2C358D58001ADF42 /* APIClient.swift */; };
		D4DFCE812C358E21001ADF42 /* Localizable.xcstrings in Resources */ = {isa = PBXBuildFile; fileRef = D4DFCE802C358E21001ADF42 /* Localizable.xcstrings */; };
		D4DFCE832C358E3C001ADF42 /* APIInfo.plist in Resources */ = {isa = PBXBuildFile; fileRef = D4DFCE822C358E3C001ADF42 /* APIInfo.plist */; };
		D4DFCE862C358E80001ADF42 /* LoadingIndicatorView.swift in Sources */ = {isa = PBXBuildFile; fileRef = D4DFCE852C358E80001ADF42 /* LoadingIndicatorView.swift */; };
		D4DFCE892C358F04001ADF42 /* Polyline in Frameworks */ = {isa = PBXBuildFile; productRef = D4DFCE882C358F04001ADF42 /* Polyline */; };
		D4DFCE8D2C358F67001ADF42 /* TripsView.swift in Sources */ = {isa = PBXBuildFile; fileRef = D4DFCE8C2C358F67001ADF42 /* TripsView.swift */; };
		D4DFCE8F2C358F70001ADF42 /* TripsTableRowView.swift in Sources */ = {isa = PBXBuildFile; fileRef = D4DFCE8E2C358F70001ADF42 /* TripsTableRowView.swift */; };
		D4DFCE912C358F80001ADF42 /* TripsViewModel.swift in Sources */ = {isa = PBXBuildFile; fileRef = D4DFCE902C358F80001ADF42 /* TripsViewModel.swift */; };
		D4DFCE932C358FD7001ADF42 /* FormView.swift in Sources */ = {isa = PBXBuildFile; fileRef = D4DFCE922C358FD7001ADF42 /* FormView.swift */; };
		D4DFCE952C358FE9001ADF42 /* Issue.swift in Sources */ = {isa = PBXBuildFile; fileRef = D4DFCE942C358FE9001ADF42 /* Issue.swift */; };
		D4DFCE972C359380001ADF42 /* Utils.swift in Sources */ = {isa = PBXBuildFile; fileRef = D4DFCE962C359380001ADF42 /* Utils.swift */; };
		D4DFCE9A2C36DC30001ADF42 /* View.swift in Sources */ = {isa = PBXBuildFile; fileRef = D4DFCE992C36DC30001ADF42 /* View.swift */; };
		D4DFCE9E2C370EF0001ADF42 /* TripsModel.swift in Sources */ = {isa = PBXBuildFile; fileRef = D4DFCE9D2C370EF0001ADF42 /* TripsModel.swift */; };
		D4DFCEA02C370F2E001ADF42 /* StopModel.swift in Sources */ = {isa = PBXBuildFile; fileRef = D4DFCE9F2C370F2E001ADF42 /* StopModel.swift */; };
		D4DFCEA22C3824F4001ADF42 /* BadgeNumberProvidable.swift in Sources */ = {isa = PBXBuildFile; fileRef = D4DFCEA12C3824F4001ADF42 /* BadgeNumberProvidable.swift */; };
		D4DFCEA42C3AA15D001ADF42 /* TripsViewModelTests.swift in Sources */ = {isa = PBXBuildFile; fileRef = D4DFCEA32C3AA15D001ADF42 /* TripsViewModelTests.swift */; };
		D4DFCEA62C3AAC15001ADF42 /* FormViewUITests.swift in Sources */ = {isa = PBXBuildFile; fileRef = D4DFCEA52C3AAC15001ADF42 /* FormViewUITests.swift */; };
/* End PBXBuildFile section */

/* Begin PBXContainerItemProxy section */
		D4DFCE5E2C358C84001ADF42 /* PBXContainerItemProxy */ = {
			isa = PBXContainerItemProxy;
			containerPortal = D4DFCE452C358C83001ADF42 /* Project object */;
			proxyType = 1;
			remoteGlobalIDString = D4DFCE4C2C358C83001ADF42;
			remoteInfo = SEATCodeTest;
		};
		D4DFCE682C358C84001ADF42 /* PBXContainerItemProxy */ = {
			isa = PBXContainerItemProxy;
			containerPortal = D4DFCE452C358C83001ADF42 /* Project object */;
			proxyType = 1;
			remoteGlobalIDString = D4DFCE4C2C358C83001ADF42;
			remoteInfo = SEATCodeTest;
		};
/* End PBXContainerItemProxy section */

/* Begin PBXFileReference section */
		D4DFCE4D2C358C83001ADF42 /* SEATCodeTest.app */ = {isa = PBXFileReference; explicitFileType = wrapper.application; includeInIndex = 0; path = SEATCodeTest.app; sourceTree = BUILT_PRODUCTS_DIR; };
		D4DFCE502C358C83001ADF42 /* SEATCodeTestApp.swift */ = {isa = PBXFileReference; lastKnownFileType = sourcecode.swift; path = SEATCodeTestApp.swift; sourceTree = "<group>"; };
		D4DFCE522C358C83001ADF42 /* ContentView.swift */ = {isa = PBXFileReference; lastKnownFileType = sourcecode.swift; path = ContentView.swift; sourceTree = "<group>"; };
		D4DFCE542C358C84001ADF42 /* Assets.xcassets */ = {isa = PBXFileReference; lastKnownFileType = folder.assetcatalog; path = Assets.xcassets; sourceTree = "<group>"; };
		D4DFCE572C358C84001ADF42 /* Preview Assets.xcassets */ = {isa = PBXFileReference; lastKnownFileType = folder.assetcatalog; path = "Preview Assets.xcassets"; sourceTree = "<group>"; };
		D4DFCE5D2C358C84001ADF42 /* SEATCodeTestTests.xctest */ = {isa = PBXFileReference; explicitFileType = wrapper.cfbundle; includeInIndex = 0; path = SEATCodeTestTests.xctest; sourceTree = BUILT_PRODUCTS_DIR; };
		D4DFCE672C358C84001ADF42 /* SEATCodeTestUITests.xctest */ = {isa = PBXFileReference; explicitFileType = wrapper.cfbundle; includeInIndex = 0; path = SEATCodeTestUITests.xctest; sourceTree = BUILT_PRODUCTS_DIR; };
		D4DFCE6B2C358C84001ADF42 /* ContentViewUITests.swift */ = {isa = PBXFileReference; lastKnownFileType = sourcecode.swift; path = ContentViewUITests.swift; sourceTree = "<group>"; };
		D4DFCE7B2C358D58001ADF42 /* APIClient.swift */ = {isa = PBXFileReference; lastKnownFileType = sourcecode.swift; path = APIClient.swift; sourceTree = "<group>"; };
		D4DFCE802C358E21001ADF42 /* Localizable.xcstrings */ = {isa = PBXFileReference; lastKnownFileType = text.json.xcstrings; path = Localizable.xcstrings; sourceTree = "<group>"; };
		D4DFCE822C358E3C001ADF42 /* APIInfo.plist */ = {isa = PBXFileReference; lastKnownFileType = text.plist.xml; path = APIInfo.plist; sourceTree = "<group>"; };
		D4DFCE852C358E80001ADF42 /* LoadingIndicatorView.swift */ = {isa = PBXFileReference; lastKnownFileType = sourcecode.swift; path = LoadingIndicatorView.swift; sourceTree = "<group>"; };
		D4DFCE8C2C358F67001ADF42 /* TripsView.swift */ = {isa = PBXFileReference; lastKnownFileType = sourcecode.swift; path = TripsView.swift; sourceTree = "<group>"; };
		D4DFCE8E2C358F70001ADF42 /* TripsTableRowView.swift */ = {isa = PBXFileReference; lastKnownFileType = sourcecode.swift; path = TripsTableRowView.swift; sourceTree = "<group>"; };
		D4DFCE902C358F80001ADF42 /* TripsViewModel.swift */ = {isa = PBXFileReference; lastKnownFileType = sourcecode.swift; path = TripsViewModel.swift; sourceTree = "<group>"; };
		D4DFCE922C358FD7001ADF42 /* FormView.swift */ = {isa = PBXFileReference; lastKnownFileType = sourcecode.swift; path = FormView.swift; sourceTree = "<group>"; };
		D4DFCE942C358FE9001ADF42 /* Issue.swift */ = {isa = PBXFileReference; lastKnownFileType = sourcecode.swift; path = Issue.swift; sourceTree = "<group>"; };
		D4DFCE962C359380001ADF42 /* Utils.swift */ = {isa = PBXFileReference; lastKnownFileType = sourcecode.swift; path = Utils.swift; sourceTree = "<group>"; };
		D4DFCE992C36DC30001ADF42 /* View.swift */ = {isa = PBXFileReference; lastKnownFileType = sourcecode.swift; path = View.swift; sourceTree = "<group>"; };
		D4DFCE9D2C370EF0001ADF42 /* TripsModel.swift */ = {isa = PBXFileReference; lastKnownFileType = sourcecode.swift; path = TripsModel.swift; sourceTree = "<group>"; };
		D4DFCE9F2C370F2E001ADF42 /* StopModel.swift */ = {isa = PBXFileReference; lastKnownFileType = sourcecode.swift; path = StopModel.swift; sourceTree = "<group>"; };
		D4DFCEA12C3824F4001ADF42 /* BadgeNumberProvidable.swift */ = {isa = PBXFileReference; lastKnownFileType = sourcecode.swift; path = BadgeNumberProvidable.swift; sourceTree = "<group>"; };
		D4DFCEA32C3AA15D001ADF42 /* TripsViewModelTests.swift */ = {isa = PBXFileReference; lastKnownFileType = sourcecode.swift; path = TripsViewModelTests.swift; sourceTree = "<group>"; };
		D4DFCEA52C3AAC15001ADF42 /* FormViewUITests.swift */ = {isa = PBXFileReference; lastKnownFileType = sourcecode.swift; path = FormViewUITests.swift; sourceTree = "<group>"; };
/* End PBXFileReference section */

/* Begin PBXFrameworksBuildPhase section */
		D4DFCE4A2C358C83001ADF42 /* Frameworks */ = {
			isa = PBXFrameworksBuildPhase;
			buildActionMask = 2147483647;
			files = (
				D4DFCE892C358F04001ADF42 /* Polyline in Frameworks */,
			);
			runOnlyForDeploymentPostprocessing = 0;
		};
		D4DFCE5A2C358C84001ADF42 /* Frameworks */ = {
			isa = PBXFrameworksBuildPhase;
			buildActionMask = 2147483647;
			files = (
			);
			runOnlyForDeploymentPostprocessing = 0;
		};
		D4DFCE642C358C84001ADF42 /* Frameworks */ = {
			isa = PBXFrameworksBuildPhase;
			buildActionMask = 2147483647;
			files = (
			);
			runOnlyForDeploymentPostprocessing = 0;
		};
/* End PBXFrameworksBuildPhase section */

/* Begin PBXGroup section */
		D4DFCE442C358C83001ADF42 = {
			isa = PBXGroup;
			children = (
				D4DFCE4F2C358C83001ADF42 /* SEATCodeTest */,
				D4DFCE602C358C84001ADF42 /* SEATCodeTestTests */,
				D4DFCE6A2C358C84001ADF42 /* SEATCodeTestUITests */,
				D4DFCE4E2C358C83001ADF42 /* Products */,
			);
			sourceTree = "<group>";
		};
		D4DFCE4E2C358C83001ADF42 /* Products */ = {
			isa = PBXGroup;
			children = (
				D4DFCE4D2C358C83001ADF42 /* SEATCodeTest.app */,
				D4DFCE5D2C358C84001ADF42 /* SEATCodeTestTests.xctest */,
				D4DFCE672C358C84001ADF42 /* SEATCodeTestUITests.xctest */,
			);
			name = Products;
			sourceTree = "<group>";
		};
		D4DFCE4F2C358C83001ADF42 /* SEATCodeTest */ = {
			isa = PBXGroup;
			children = (
				D4DFCE7A2C358D4A001ADF42 /* APIClient */,
				D4DFCE8A2C358F24001ADF42 /* Home */,
				D4DFCE8B2C358F41001ADF42 /* Form */,
				D4DFCE7D2C358DD7001ADF42 /* Resources */,
				D4DFCE982C36DC18001ADF42 /* Extensions */,
				D4DFCE842C358E6F001ADF42 /* Utils */,
				D4DFCE502C358C83001ADF42 /* SEATCodeTestApp.swift */,
			);
			path = SEATCodeTest;
			sourceTree = "<group>";
		};
		D4DFCE562C358C84001ADF42 /* Preview Content */ = {
			isa = PBXGroup;
			children = (
				D4DFCE572C358C84001ADF42 /* Preview Assets.xcassets */,
			);
			path = "Preview Content";
			sourceTree = "<group>";
		};
		D4DFCE602C358C84001ADF42 /* SEATCodeTestTests */ = {
			isa = PBXGroup;
			children = (
				D4DFCEA32C3AA15D001ADF42 /* TripsViewModelTests.swift */,
			);
			path = SEATCodeTestTests;
			sourceTree = "<group>";
		};
		D4DFCE6A2C358C84001ADF42 /* SEATCodeTestUITests */ = {
			isa = PBXGroup;
			children = (
				D4DFCE6B2C358C84001ADF42 /* ContentViewUITests.swift */,
				D4DFCEA52C3AAC15001ADF42 /* FormViewUITests.swift */,
			);
			path = SEATCodeTestUITests;
			sourceTree = "<group>";
		};
		D4DFCE7A2C358D4A001ADF42 /* APIClient */ = {
			isa = PBXGroup;
			children = (
				D4DFCE7B2C358D58001ADF42 /* APIClient.swift */,
			);
			path = APIClient;
			sourceTree = "<group>";
		};
		D4DFCE7D2C358DD7001ADF42 /* Resources */ = {
			isa = PBXGroup;
			children = (
				D4DFCE7E2C358DF8001ADF42 /* Localizables */,
				D4DFCE562C358C84001ADF42 /* Preview Content */,
				D4DFCE542C358C84001ADF42 /* Assets.xcassets */,
				D4DFCE822C358E3C001ADF42 /* APIInfo.plist */,
			);
			path = Resources;
			sourceTree = "<group>";
		};
		D4DFCE7E2C358DF8001ADF42 /* Localizables */ = {
			isa = PBXGroup;
			children = (
				D4DFCE7F2C358E02001ADF42 /* en.proj */,
			);
			path = Localizables;
			sourceTree = "<group>";
		};
		D4DFCE7F2C358E02001ADF42 /* en.proj */ = {
			isa = PBXGroup;
			children = (
				D4DFCE802C358E21001ADF42 /* Localizable.xcstrings */,
			);
			path = en.proj;
			sourceTree = "<group>";
		};
		D4DFCE842C358E6F001ADF42 /* Utils */ = {
			isa = PBXGroup;
			children = (
				D4DFCE852C358E80001ADF42 /* LoadingIndicatorView.swift */,
				D4DFCE962C359380001ADF42 /* Utils.swift */,
				D4DFCEA12C3824F4001ADF42 /* BadgeNumberProvidable.swift */,
			);
			path = Utils;
			sourceTree = "<group>";
		};
		D4DFCE8A2C358F24001ADF42 /* Home */ = {
			isa = PBXGroup;
			children = (
				D4DFCE522C358C83001ADF42 /* ContentView.swift */,
				D4DFCE8C2C358F67001ADF42 /* TripsView.swift */,
				D4DFCE8E2C358F70001ADF42 /* TripsTableRowView.swift */,
				D4DFCE902C358F80001ADF42 /* TripsViewModel.swift */,
				D4DFCE9D2C370EF0001ADF42 /* TripsModel.swift */,
				D4DFCE9F2C370F2E001ADF42 /* StopModel.swift */,
			);
			path = Home;
			sourceTree = "<group>";
		};
		D4DFCE8B2C358F41001ADF42 /* Form */ = {
			isa = PBXGroup;
			children = (
				D4DFCE922C358FD7001ADF42 /* FormView.swift */,
				D4DFCE942C358FE9001ADF42 /* Issue.swift */,
			);
			path = Form;
			sourceTree = "<group>";
		};
		D4DFCE982C36DC18001ADF42 /* Extensions */ = {
			isa = PBXGroup;
			children = (
				D4DFCE992C36DC30001ADF42 /* View.swift */,
			);
			path = Extensions;
			sourceTree = "<group>";
		};
/* End PBXGroup section */

/* Begin PBXNativeTarget section */
		D4DFCE4C2C358C83001ADF42 /* SEATCodeTest */ = {
			isa = PBXNativeTarget;
			buildConfigurationList = D4DFCE712C358C84001ADF42 /* Build configuration list for PBXNativeTarget "SEATCodeTest" */;
			buildPhases = (
				D4DFCE492C358C83001ADF42 /* Sources */,
				D4DFCE4A2C358C83001ADF42 /* Frameworks */,
				D4DFCE4B2C358C83001ADF42 /* Resources */,
			);
			buildRules = (
			);
			dependencies = (
			);
			name = SEATCodeTest;
			packageProductDependencies = (
				D4DFCE882C358F04001ADF42 /* Polyline */,
			);
			productName = SEATCodeTest;
			productReference = D4DFCE4D2C358C83001ADF42 /* SEATCodeTest.app */;
			productType = "com.apple.product-type.application";
		};
		D4DFCE5C2C358C84001ADF42 /* SEATCodeTestTests */ = {
			isa = PBXNativeTarget;
			buildConfigurationList = D4DFCE742C358C84001ADF42 /* Build configuration list for PBXNativeTarget "SEATCodeTestTests" */;
			buildPhases = (
				D4DFCE592C358C84001ADF42 /* Sources */,
				D4DFCE5A2C358C84001ADF42 /* Frameworks */,
				D4DFCE5B2C358C84001ADF42 /* Resources */,
			);
			buildRules = (
			);
			dependencies = (
				D4DFCE5F2C358C84001ADF42 /* PBXTargetDependency */,
			);
			name = SEATCodeTestTests;
			productName = SEATCodeTestTests;
			productReference = D4DFCE5D2C358C84001ADF42 /* SEATCodeTestTests.xctest */;
			productType = "com.apple.product-type.bundle.unit-test";
		};
		D4DFCE662C358C84001ADF42 /* SEATCodeTestUITests */ = {
			isa = PBXNativeTarget;
			buildConfigurationList = D4DFCE772C358C84001ADF42 /* Build configuration list for PBXNativeTarget "SEATCodeTestUITests" */;
			buildPhases = (
				D4DFCE632C358C84001ADF42 /* Sources */,
				D4DFCE642C358C84001ADF42 /* Frameworks */,
				D4DFCE652C358C84001ADF42 /* Resources */,
			);
			buildRules = (
			);
			dependencies = (
				D4DFCE692C358C84001ADF42 /* PBXTargetDependency */,
			);
			name = SEATCodeTestUITests;
			productName = SEATCodeTestUITests;
			productReference = D4DFCE672C358C84001ADF42 /* SEATCodeTestUITests.xctest */;
			productType = "com.apple.product-type.bundle.ui-testing";
		};
/* End PBXNativeTarget section */

/* Begin PBXProject section */
		D4DFCE452C358C83001ADF42 /* Project object */ = {
			isa = PBXProject;
			attributes = {
				BuildIndependentTargetsInParallel = 1;
				LastSwiftUpdateCheck = 1520;
				LastUpgradeCheck = 1520;
				TargetAttributes = {
					D4DFCE4C2C358C83001ADF42 = {
						CreatedOnToolsVersion = 15.2;
					};
					D4DFCE5C2C358C84001ADF42 = {
						CreatedOnToolsVersion = 15.2;
						TestTargetID = D4DFCE4C2C358C83001ADF42;
					};
					D4DFCE662C358C84001ADF42 = {
						CreatedOnToolsVersion = 15.2;
						TestTargetID = D4DFCE4C2C358C83001ADF42;
					};
				};
			};
			buildConfigurationList = D4DFCE482C358C83001ADF42 /* Build configuration list for PBXProject "SEATCodeTest" */;
			compatibilityVersion = "Xcode 14.0";
			developmentRegion = en;
			hasScannedForEncodings = 0;
			knownRegions = (
				en,
				Base,
			);
			mainGroup = D4DFCE442C358C83001ADF42;
			packageReferences = (
				D4DFCE872C358F04001ADF42 /* XCRemoteSwiftPackageReference "Polyline" */,
			);
			productRefGroup = D4DFCE4E2C358C83001ADF42 /* Products */;
			projectDirPath = "";
			projectRoot = "";
			targets = (
				D4DFCE4C2C358C83001ADF42 /* SEATCodeTest */,
				D4DFCE5C2C358C84001ADF42 /* SEATCodeTestTests */,
				D4DFCE662C358C84001ADF42 /* SEATCodeTestUITests */,
			);
		};
/* End PBXProject section */

/* Begin PBXResourcesBuildPhase section */
		D4DFCE4B2C358C83001ADF42 /* Resources */ = {
			isa = PBXResourcesBuildPhase;
			buildActionMask = 2147483647;
			files = (
				D4DFCE582C358C84001ADF42 /* Preview Assets.xcassets in Resources */,
				D4DFCE832C358E3C001ADF42 /* APIInfo.plist in Resources */,
				D4DFCE552C358C84001ADF42 /* Assets.xcassets in Resources */,
				D4DFCE812C358E21001ADF42 /* Localizable.xcstrings in Resources */,
			);
			runOnlyForDeploymentPostprocessing = 0;
		};
		D4DFCE5B2C358C84001ADF42 /* Resources */ = {
			isa = PBXResourcesBuildPhase;
			buildActionMask = 2147483647;
			files = (
			);
			runOnlyForDeploymentPostprocessing = 0;
		};
		D4DFCE652C358C84001ADF42 /* Resources */ = {
			isa = PBXResourcesBuildPhase;
			buildActionMask = 2147483647;
			files = (
			);
			runOnlyForDeploymentPostprocessing = 0;
		};
/* End PBXResourcesBuildPhase section */

/* Begin PBXSourcesBuildPhase section */
		D4DFCE492C358C83001ADF42 /* Sources */ = {
			isa = PBXSourcesBuildPhase;
			buildActionMask = 2147483647;
			files = (
				D4DFCE532C358C83001ADF42 /* ContentView.swift in Sources */,
				D4DFCE932C358FD7001ADF42 /* FormView.swift in Sources */,
				D4DFCE8D2C358F67001ADF42 /* TripsView.swift in Sources */,
				D4DFCE9E2C370EF0001ADF42 /* TripsModel.swift in Sources */,
				D4DFCE912C358F80001ADF42 /* TripsViewModel.swift in Sources */,
				D4DFCE952C358FE9001ADF42 /* Issue.swift in Sources */,
				D4DFCEA22C3824F4001ADF42 /* BadgeNumberProvidable.swift in Sources */,
				D4DFCE972C359380001ADF42 /* Utils.swift in Sources */,
				D4DFCE8F2C358F70001ADF42 /* TripsTableRowView.swift in Sources */,
				D4DFCEA02C370F2E001ADF42 /* StopModel.swift in Sources */,
				D4DFCE512C358C83001ADF42 /* SEATCodeTestApp.swift in Sources */,
				D4DFCE7C2C358D58001ADF42 /* APIClient.swift in Sources */,
				D4DFCE9A2C36DC30001ADF42 /* View.swift in Sources */,
				D4DFCE862C358E80001ADF42 /* LoadingIndicatorView.swift in Sources */,
			);
			runOnlyForDeploymentPostprocessing = 0;
		};
		D4DFCE592C358C84001ADF42 /* Sources */ = {
			isa = PBXSourcesBuildPhase;
			buildActionMask = 2147483647;
			files = (
				D4DFCEA42C3AA15D001ADF42 /* TripsViewModelTests.swift in Sources */,
			);
			runOnlyForDeploymentPostprocessing = 0;
		};
		D4DFCE632C358C84001ADF42 /* Sources */ = {
			isa = PBXSourcesBuildPhase;
			buildActionMask = 2147483647;
			files = (
				D4DFCEA62C3AAC15001ADF42 /* FormViewUITests.swift in Sources */,
				D41FAE852C3AB6EE005B276E /* BadgeNumberProvidable.swift in Sources */,
				D4DFCE6C2C358C84001ADF42 /* ContentViewUITests.swift in Sources */,
			);
			runOnlyForDeploymentPostprocessing = 0;
		};
/* End PBXSourcesBuildPhase section */

/* Begin PBXTargetDependency section */
		D4DFCE5F2C358C84001ADF42 /* PBXTargetDependency */ = {
			isa = PBXTargetDependency;
			target = D4DFCE4C2C358C83001ADF42 /* SEATCodeTest */;
			targetProxy = D4DFCE5E2C358C84001ADF42 /* PBXContainerItemProxy */;
		};
		D4DFCE692C358C84001ADF42 /* PBXTargetDependency */ = {
			isa = PBXTargetDependency;
			target = D4DFCE4C2C358C83001ADF42 /* SEATCodeTest */;
			targetProxy = D4DFCE682C358C84001ADF42 /* PBXContainerItemProxy */;
		};
/* End PBXTargetDependency section */

/* Begin XCBuildConfiguration section */
		D4DFCE6F2C358C84001ADF42 /* Debug */ = {
			isa = XCBuildConfiguration;
			buildSettings = {
				ALWAYS_SEARCH_USER_PATHS = NO;
				ASSETCATALOG_COMPILER_GENERATE_SWIFT_ASSET_SYMBOL_EXTENSIONS = YES;
				CLANG_ANALYZER_NONNULL = YES;
				CLANG_ANALYZER_NUMBER_OBJECT_CONVERSION = YES_AGGRESSIVE;
				CLANG_CXX_LANGUAGE_STANDARD = "gnu++20";
				CLANG_ENABLE_MODULES = YES;
				CLANG_ENABLE_OBJC_ARC = YES;
				CLANG_ENABLE_OBJC_WEAK = YES;
				CLANG_WARN_BLOCK_CAPTURE_AUTORELEASING = YES;
				CLANG_WARN_BOOL_CONVERSION = YES;
				CLANG_WARN_COMMA = YES;
				CLANG_WARN_CONSTANT_CONVERSION = YES;
				CLANG_WARN_DEPRECATED_OBJC_IMPLEMENTATIONS = YES;
				CLANG_WARN_DIRECT_OBJC_ISA_USAGE = YES_ERROR;
				CLANG_WARN_DOCUMENTATION_COMMENTS = YES;
				CLANG_WARN_EMPTY_BODY = YES;
				CLANG_WARN_ENUM_CONVERSION = YES;
				CLANG_WARN_INFINITE_RECURSION = YES;
				CLANG_WARN_INT_CONVERSION = YES;
				CLANG_WARN_NON_LITERAL_NULL_CONVERSION = YES;
				CLANG_WARN_OBJC_IMPLICIT_RETAIN_SELF = YES;
				CLANG_WARN_OBJC_LITERAL_CONVERSION = YES;
				CLANG_WARN_OBJC_ROOT_CLASS = YES_ERROR;
				CLANG_WARN_QUOTED_INCLUDE_IN_FRAMEWORK_HEADER = YES;
				CLANG_WARN_RANGE_LOOP_ANALYSIS = YES;
				CLANG_WARN_STRICT_PROTOTYPES = YES;
				CLANG_WARN_SUSPICIOUS_MOVE = YES;
				CLANG_WARN_UNGUARDED_AVAILABILITY = YES_AGGRESSIVE;
				CLANG_WARN_UNREACHABLE_CODE = YES;
				CLANG_WARN__DUPLICATE_METHOD_MATCH = YES;
				COPY_PHASE_STRIP = NO;
				DEBUG_INFORMATION_FORMAT = dwarf;
				ENABLE_STRICT_OBJC_MSGSEND = YES;
				ENABLE_TESTABILITY = YES;
				ENABLE_USER_SCRIPT_SANDBOXING = YES;
				GCC_C_LANGUAGE_STANDARD = gnu17;
				GCC_DYNAMIC_NO_PIC = NO;
				GCC_NO_COMMON_BLOCKS = YES;
				GCC_OPTIMIZATION_LEVEL = 0;
				GCC_PREPROCESSOR_DEFINITIONS = (
					"DEBUG=1",
					"$(inherited)",
				);
				GCC_WARN_64_TO_32_BIT_CONVERSION = YES;
				GCC_WARN_ABOUT_RETURN_TYPE = YES_ERROR;
				GCC_WARN_UNDECLARED_SELECTOR = YES;
				GCC_WARN_UNINITIALIZED_AUTOS = YES_AGGRESSIVE;
				GCC_WARN_UNUSED_FUNCTION = YES;
				GCC_WARN_UNUSED_VARIABLE = YES;
				IPHONEOS_DEPLOYMENT_TARGET = 17.2;
				LOCALIZATION_PREFERS_STRING_CATALOGS = YES;
				MTL_ENABLE_DEBUG_INFO = INCLUDE_SOURCE;
				MTL_FAST_MATH = YES;
				ONLY_ACTIVE_ARCH = YES;
				SDKROOT = iphoneos;
				SWIFT_ACTIVE_COMPILATION_CONDITIONS = "DEBUG $(inherited)";
				SWIFT_OPTIMIZATION_LEVEL = "-Onone";
			};
			name = Debug;
		};
		D4DFCE702C358C84001ADF42 /* Release */ = {
			isa = XCBuildConfiguration;
			buildSettings = {
				ALWAYS_SEARCH_USER_PATHS = NO;
				ASSETCATALOG_COMPILER_GENERATE_SWIFT_ASSET_SYMBOL_EXTENSIONS = YES;
				CLANG_ANALYZER_NONNULL = YES;
				CLANG_ANALYZER_NUMBER_OBJECT_CONVERSION = YES_AGGRESSIVE;
				CLANG_CXX_LANGUAGE_STANDARD = "gnu++20";
				CLANG_ENABLE_MODULES = YES;
				CLANG_ENABLE_OBJC_ARC = YES;
				CLANG_ENABLE_OBJC_WEAK = YES;
				CLANG_WARN_BLOCK_CAPTURE_AUTORELEASING = YES;
				CLANG_WARN_BOOL_CONVERSION = YES;
				CLANG_WARN_COMMA = YES;
				CLANG_WARN_CONSTANT_CONVERSION = YES;
				CLANG_WARN_DEPRECATED_OBJC_IMPLEMENTATIONS = YES;
				CLANG_WARN_DIRECT_OBJC_ISA_USAGE = YES_ERROR;
				CLANG_WARN_DOCUMENTATION_COMMENTS = YES;
				CLANG_WARN_EMPTY_BODY = YES;
				CLANG_WARN_ENUM_CONVERSION = YES;
				CLANG_WARN_INFINITE_RECURSION = YES;
				CLANG_WARN_INT_CONVERSION = YES;
				CLANG_WARN_NON_LITERAL_NULL_CONVERSION = YES;
				CLANG_WARN_OBJC_IMPLICIT_RETAIN_SELF = YES;
				CLANG_WARN_OBJC_LITERAL_CONVERSION = YES;
				CLANG_WARN_OBJC_ROOT_CLASS = YES_ERROR;
				CLANG_WARN_QUOTED_INCLUDE_IN_FRAMEWORK_HEADER = YES;
				CLANG_WARN_RANGE_LOOP_ANALYSIS = YES;
				CLANG_WARN_STRICT_PROTOTYPES = YES;
				CLANG_WARN_SUSPICIOUS_MOVE = YES;
				CLANG_WARN_UNGUARDED_AVAILABILITY = YES_AGGRESSIVE;
				CLANG_WARN_UNREACHABLE_CODE = YES;
				CLANG_WARN__DUPLICATE_METHOD_MATCH = YES;
				COPY_PHASE_STRIP = NO;
				DEBUG_INFORMATION_FORMAT = "dwarf-with-dsym";
				ENABLE_NS_ASSERTIONS = NO;
				ENABLE_STRICT_OBJC_MSGSEND = YES;
				ENABLE_USER_SCRIPT_SANDBOXING = YES;
				GCC_C_LANGUAGE_STANDARD = gnu17;
				GCC_NO_COMMON_BLOCKS = YES;
				GCC_WARN_64_TO_32_BIT_CONVERSION = YES;
				GCC_WARN_ABOUT_RETURN_TYPE = YES_ERROR;
				GCC_WARN_UNDECLARED_SELECTOR = YES;
				GCC_WARN_UNINITIALIZED_AUTOS = YES_AGGRESSIVE;
				GCC_WARN_UNUSED_FUNCTION = YES;
				GCC_WARN_UNUSED_VARIABLE = YES;
				IPHONEOS_DEPLOYMENT_TARGET = 17.2;
				LOCALIZATION_PREFERS_STRING_CATALOGS = YES;
				MTL_ENABLE_DEBUG_INFO = NO;
				MTL_FAST_MATH = YES;
				SDKROOT = iphoneos;
				SWIFT_COMPILATION_MODE = wholemodule;
				VALIDATE_PRODUCT = YES;
			};
			name = Release;
		};
		D4DFCE722C358C84001ADF42 /* Debug */ = {
			isa = XCBuildConfiguration;
			buildSettings = {
				ASSETCATALOG_COMPILER_APPICON_NAME = AppIcon;
				ASSETCATALOG_COMPILER_GLOBAL_ACCENT_COLOR_NAME = AccentColor;
				CODE_SIGN_STYLE = Automatic;
				CURRENT_PROJECT_VERSION = 1;
				DEVELOPMENT_ASSET_PATHS = "\"SEATCodeTest/Resources/Preview Content\"";
				ENABLE_PREVIEWS = YES;
				GENERATE_INFOPLIST_FILE = YES;
				INFOPLIST_KEY_UIApplicationSceneManifest_Generation = YES;
				INFOPLIST_KEY_UIApplicationSupportsIndirectInputEvents = YES;
				INFOPLIST_KEY_UILaunchScreen_Generation = YES;
				INFOPLIST_KEY_UISupportedInterfaceOrientations_iPad = "UIInterfaceOrientationPortrait UIInterfaceOrientationPortraitUpsideDown UIInterfaceOrientationLandscapeLeft UIInterfaceOrientationLandscapeRight";
				INFOPLIST_KEY_UISupportedInterfaceOrientations_iPhone = "UIInterfaceOrientationPortrait UIInterfaceOrientationLandscapeLeft UIInterfaceOrientationLandscapeRight";
				LD_RUNPATH_SEARCH_PATHS = (
					"$(inherited)",
					"@executable_path/Frameworks",
				);
				MARKETING_VERSION = 1.0;
				PRODUCT_BUNDLE_IDENTIFIER = com.filipetamota.SEATCodeTest;
				PRODUCT_NAME = "$(TARGET_NAME)";
				SWIFT_EMIT_LOC_STRINGS = YES;
				SWIFT_VERSION = 5.0;
				TARGETED_DEVICE_FAMILY = "1,2";
			};
			name = Debug;
		};
		D4DFCE732C358C84001ADF42 /* Release */ = {
			isa = XCBuildConfiguration;
			buildSettings = {
				ASSETCATALOG_COMPILER_APPICON_NAME = AppIcon;
				ASSETCATALOG_COMPILER_GLOBAL_ACCENT_COLOR_NAME = AccentColor;
				CODE_SIGN_STYLE = Automatic;
				CURRENT_PROJECT_VERSION = 1;
				DEVELOPMENT_ASSET_PATHS = "\"SEATCodeTest/Resources/Preview Content\"";
				ENABLE_PREVIEWS = YES;
				GENERATE_INFOPLIST_FILE = YES;
				INFOPLIST_KEY_UIApplicationSceneManifest_Generation = YES;
				INFOPLIST_KEY_UIApplicationSupportsIndirectInputEvents = YES;
				INFOPLIST_KEY_UILaunchScreen_Generation = YES;
				INFOPLIST_KEY_UISupportedInterfaceOrientations_iPad = "UIInterfaceOrientationPortrait UIInterfaceOrientationPortraitUpsideDown UIInterfaceOrientationLandscapeLeft UIInterfaceOrientationLandscapeRight";
				INFOPLIST_KEY_UISupportedInterfaceOrientations_iPhone = "UIInterfaceOrientationPortrait UIInterfaceOrientationLandscapeLeft UIInterfaceOrientationLandscapeRight";
				LD_RUNPATH_SEARCH_PATHS = (
					"$(inherited)",
					"@executable_path/Frameworks",
				);
				MARKETING_VERSION = 1.0;
				PRODUCT_BUNDLE_IDENTIFIER = com.filipetamota.SEATCodeTest;
				PRODUCT_NAME = "$(TARGET_NAME)";
				SWIFT_EMIT_LOC_STRINGS = YES;
				SWIFT_VERSION = 5.0;
				TARGETED_DEVICE_FAMILY = "1,2";
			};
			name = Release;
		};
		D4DFCE752C358C84001ADF42 /* Debug */ = {
			isa = XCBuildConfiguration;
			buildSettings = {
				ALWAYS_EMBED_SWIFT_STANDARD_LIBRARIES = YES;
				BUNDLE_LOADER = "$(TEST_HOST)";
				CODE_SIGN_STYLE = Automatic;
				CURRENT_PROJECT_VERSION = 1;
				GENERATE_INFOPLIST_FILE = YES;
				IPHONEOS_DEPLOYMENT_TARGET = 17.2;
				MARKETING_VERSION = 1.0;
				PRODUCT_BUNDLE_IDENTIFIER = com.filipetamota.SEATCodeTestTests;
				PRODUCT_NAME = "$(TARGET_NAME)";
				SWIFT_EMIT_LOC_STRINGS = NO;
				SWIFT_VERSION = 5.0;
				TARGETED_DEVICE_FAMILY = "1,2";
				TEST_HOST = "$(BUILT_PRODUCTS_DIR)/SEATCodeTest.app/$(BUNDLE_EXECUTABLE_FOLDER_PATH)/SEATCodeTest";
			};
			name = Debug;
		};
		D4DFCE762C358C84001ADF42 /* Release */ = {
			isa = XCBuildConfiguration;
			buildSettings = {
				ALWAYS_EMBED_SWIFT_STANDARD_LIBRARIES = YES;
				BUNDLE_LOADER = "$(TEST_HOST)";
				CODE_SIGN_STYLE = Automatic;
				CURRENT_PROJECT_VERSION = 1;
				GENERATE_INFOPLIST_FILE = YES;
				IPHONEOS_DEPLOYMENT_TARGET = 17.2;
				MARKETING_VERSION = 1.0;
				PRODUCT_BUNDLE_IDENTIFIER = com.filipetamota.SEATCodeTestTests;
				PRODUCT_NAME = "$(TARGET_NAME)";
				SWIFT_EMIT_LOC_STRINGS = NO;
				SWIFT_VERSION = 5.0;
				TARGETED_DEVICE_FAMILY = "1,2";
				TEST_HOST = "$(BUILT_PRODUCTS_DIR)/SEATCodeTest.app/$(BUNDLE_EXECUTABLE_FOLDER_PATH)/SEATCodeTest";
			};
			name = Release;
		};
		D4DFCE782C358C84001ADF42 /* Debug */ = {
			isa = XCBuildConfiguration;
			buildSettings = {
				ALWAYS_EMBED_SWIFT_STANDARD_LIBRARIES = YES;
				CODE_SIGN_STYLE = Automatic;
				CURRENT_PROJECT_VERSION = 1;
				GENERATE_INFOPLIST_FILE = YES;
				MARKETING_VERSION = 1.0;
				PRODUCT_BUNDLE_IDENTIFIER = com.filipetamota.SEATCodeTestUITests;
				PRODUCT_NAME = "$(TARGET_NAME)";
				SWIFT_EMIT_LOC_STRINGS = NO;
				SWIFT_VERSION = 5.0;
				TARGETED_DEVICE_FAMILY = "1,2";
				TEST_TARGET_NAME = SEATCodeTest;
			};
			name = Debug;
		};
		D4DFCE792C358C84001ADF42 /* Release */ = {
			isa = XCBuildConfiguration;
			buildSettings = {
				ALWAYS_EMBED_SWIFT_STANDARD_LIBRARIES = YES;
				CODE_SIGN_STYLE = Automatic;
				CURRENT_PROJECT_VERSION = 1;
				GENERATE_INFOPLIST_FILE = YES;
				MARKETING_VERSION = 1.0;
				PRODUCT_BUNDLE_IDENTIFIER = com.filipetamota.SEATCodeTestUITests;
				PRODUCT_NAME = "$(TARGET_NAME)";
				SWIFT_EMIT_LOC_STRINGS = NO;
				SWIFT_VERSION = 5.0;
				TARGETED_DEVICE_FAMILY = "1,2";
				TEST_TARGET_NAME = SEATCodeTest;
			};
			name = Release;
		};
/* End XCBuildConfiguration section */

/* Begin XCConfigurationList section */
		D4DFCE482C358C83001ADF42 /* Build configuration list for PBXProject "SEATCodeTest" */ = {
			isa = XCConfigurationList;
			buildConfigurations = (
				D4DFCE6F2C358C84001ADF42 /* Debug */,
				D4DFCE702C358C84001ADF42 /* Release */,
			);
			defaultConfigurationIsVisible = 0;
			defaultConfigurationName = Release;
		};
		D4DFCE712C358C84001ADF42 /* Build configuration list for PBXNativeTarget "SEATCodeTest" */ = {
			isa = XCConfigurationList;
			buildConfigurations = (
				D4DFCE722C358C84001ADF42 /* Debug */,
				D4DFCE732C358C84001ADF42 /* Release */,
			);
			defaultConfigurationIsVisible = 0;
			defaultConfigurationName = Release;
		};
		D4DFCE742C358C84001ADF42 /* Build configuration list for PBXNativeTarget "SEATCodeTestTests" */ = {
			isa = XCConfigurationList;
			buildConfigurations = (
				D4DFCE752C358C84001ADF42 /* Debug */,
				D4DFCE762C358C84001ADF42 /* Release */,
			);
			defaultConfigurationIsVisible = 0;
			defaultConfigurationName = Release;
		};
		D4DFCE772C358C84001ADF42 /* Build configuration list for PBXNativeTarget "SEATCodeTestUITests" */ = {
			isa = XCConfigurationList;
			buildConfigurations = (
				D4DFCE782C358C84001ADF42 /* Debug */,
				D4DFCE792C358C84001ADF42 /* Release */,
			);
			defaultConfigurationIsVisible = 0;
			defaultConfigurationName = Release;
		};
/* End XCConfigurationList section */

/* Begin XCRemoteSwiftPackageReference section */
		D4DFCE872C358F04001ADF42 /* XCRemoteSwiftPackageReference "Polyline" */ = {
			isa = XCRemoteSwiftPackageReference;
			repositoryURL = "https://github.com/raphaelmor/Polyline.git";
			requirement = {
				kind = upToNextMajorVersion;
				minimumVersion = 5.0.2;
			};
		};
/* End XCRemoteSwiftPackageReference section */

/* Begin XCSwiftPackageProductDependency section */
		D4DFCE882C358F04001ADF42 /* Polyline */ = {
			isa = XCSwiftPackageProductDependency;
			package = D4DFCE872C358F04001ADF42 /* XCRemoteSwiftPackageReference "Polyline" */;
			productName = Polyline;
		};
/* End XCSwiftPackageProductDependency section */
	};
	rootObject = D4DFCE452C358C83001ADF42 /* Project object */;
}
